# This file is automatically @generated by Cargo.
# It is not intended for manual editing.
[[package]]
name = "bitflags"
version = "1.2.1"
source = "registry+https://github.com/rust-lang/crates.io-index"

[[package]]
name = "bstr"
version = "0.2.13"
source = "registry+https://github.com/rust-lang/crates.io-index"
dependencies = [
 "lazy_static 1.4.0 (registry+https://github.com/rust-lang/crates.io-index)",
 "memchr 2.3.3 (registry+https://github.com/rust-lang/crates.io-index)",
 "regex-automata 0.1.9 (registry+https://github.com/rust-lang/crates.io-index)",
 "serde 1.0.110 (registry+https://github.com/rust-lang/crates.io-index)",
]

[[package]]
name = "byteorder"
version = "1.3.4"
source = "registry+https://github.com/rust-lang/crates.io-index"

[[package]]
name = "csv"
version = "1.1.3"
source = "registry+https://github.com/rust-lang/crates.io-index"
dependencies = [
 "bstr 0.2.13 (registry+https://github.com/rust-lang/crates.io-index)",
 "csv-core 0.1.10 (registry+https://github.com/rust-lang/crates.io-index)",
 "itoa 0.4.5 (registry+https://github.com/rust-lang/crates.io-index)",
 "ryu 1.0.4 (registry+https://github.com/rust-lang/crates.io-index)",
 "serde 1.0.110 (registry+https://github.com/rust-lang/crates.io-index)",
]

[[package]]
name = "csv-core"
version = "0.1.10"
source = "registry+https://github.com/rust-lang/crates.io-index"
dependencies = [
 "memchr 2.3.3 (registry+https://github.com/rust-lang/crates.io-index)",
]

[[package]]
name = "db_manager"
version = "0.1.0"

[[package]]
name = "diesel"
version = "1.4.4"
source = "registry+https://github.com/rust-lang/crates.io-index"
dependencies = [
 "bitflags 1.2.1 (registry+https://github.com/rust-lang/crates.io-index)",
 "byteorder 1.3.4 (registry+https://github.com/rust-lang/crates.io-index)",
 "diesel_derives 1.4.1 (registry+https://github.com/rust-lang/crates.io-index)",
 "pq-sys 0.4.6 (registry+https://github.com/rust-lang/crates.io-index)",
]

[[package]]
name = "diesel_derives"
version = "1.4.1"
source = "registry+https://github.com/rust-lang/crates.io-index"
dependencies = [
 "proc-macro2 1.0.17 (registry+https://github.com/rust-lang/crates.io-index)",
 "quote 1.0.6 (registry+https://github.com/rust-lang/crates.io-index)",
 "syn 1.0.23 (registry+https://github.com/rust-lang/crates.io-index)",
]

[[package]]
name = "itoa"
version = "0.4.5"
source = "registry+https://github.com/rust-lang/crates.io-index"

[[package]]
name = "lazy_static"
version = "1.4.0"
source = "registry+https://github.com/rust-lang/crates.io-index"

[[package]]
name = "memchr"
version = "2.3.3"
source = "registry+https://github.com/rust-lang/crates.io-index"

[[package]]
name = "metrics-system"
version = "0.1.0"

[[package]]
name = "pq-sys"
version = "0.4.6"
source = "registry+https://github.com/rust-lang/crates.io-index"
dependencies = [
 "vcpkg 0.2.8 (registry+https://github.com/rust-lang/crates.io-index)",
]

[[package]]
name = "proc-macro2"
version = "1.0.17"
source = "registry+https://github.com/rust-lang/crates.io-index"
dependencies = [
 "unicode-xid 0.2.0 (registry+https://github.com/rust-lang/crates.io-index)",
]

[[package]]
name = "quote"
version = "1.0.6"
source = "registry+https://github.com/rust-lang/crates.io-index"
dependencies = [
 "proc-macro2 1.0.17 (registry+https://github.com/rust-lang/crates.io-index)",
]

[[package]]
name = "regex-automata"
version = "0.1.9"
source = "registry+https://github.com/rust-lang/crates.io-index"
dependencies = [
 "byteorder 1.3.4 (registry+https://github.com/rust-lang/crates.io-index)",
]

[[package]]
name = "ryu"
version = "1.0.4"
source = "registry+https://github.com/rust-lang/crates.io-index"

[[package]]
name = "serde"
version = "1.0.110"
source = "registry+https://github.com/rust-lang/crates.io-index"

[[package]]
name = "simple_movie_db_manager"
version = "0.1.0"
dependencies = [
 "csv 1.1.3 (registry+https://github.com/rust-lang/crates.io-index)",
 "db_manager 0.1.0",
 "diesel 1.4.4 (registry+https://github.com/rust-lang/crates.io-index)",
]

[[package]]
name = "syn"
version = "1.0.23"
source = "registry+https://github.com/rust-lang/crates.io-index"
dependencies = [
 "proc-macro2 1.0.17 (registry+https://github.com/rust-lang/crates.io-index)",
 "quote 1.0.6 (registry+https://github.com/rust-lang/crates.io-index)",
 "unicode-xid 0.2.0 (registry+https://github.com/rust-lang/crates.io-index)",
]

[[package]]
name = "unicode-xid"
version = "0.2.0"
source = "registry+https://github.com/rust-lang/crates.io-index"

[[package]]
name = "vcpkg"
version = "0.2.8"
source = "registry+https://github.com/rust-lang/crates.io-index"

[metadata]
"checksum bitflags 1.2.1 (registry+https://github.com/rust-lang/crates.io-index)" = "cf1de2fe8c75bc145a2f577add951f8134889b4795d47466a54a5c846d691693"
"checksum bstr 0.2.13 (registry+https://github.com/rust-lang/crates.io-index)" = "31accafdb70df7871592c058eca3985b71104e15ac32f64706022c58867da931"
"checksum byteorder 1.3.4 (registry+https://github.com/rust-lang/crates.io-index)" = "08c48aae112d48ed9f069b33538ea9e3e90aa263cfa3d1c24309612b1f7472de"
"checksum csv 1.1.3 (registry+https://github.com/rust-lang/crates.io-index)" = "00affe7f6ab566df61b4be3ce8cf16bc2576bca0963ceb0955e45d514bf9a279"
"checksum csv-core 0.1.10 (registry+https://github.com/rust-lang/crates.io-index)" = "2b2466559f260f48ad25fe6317b3c8dac77b5bdb5763ac7d9d6103530663bc90"
"checksum diesel 1.4.4 (registry+https://github.com/rust-lang/crates.io-index)" = "33d7ca63eb2efea87a7f56a283acc49e2ce4b2bd54adf7465dc1d81fef13d8fc"
"checksum diesel_derives 1.4.1 (registry+https://github.com/rust-lang/crates.io-index)" = "45f5098f628d02a7a0f68ddba586fb61e80edec3bdc1be3b921f4ceec60858d3"
"checksum itoa 0.4.5 (registry+https://github.com/rust-lang/crates.io-index)" = "b8b7a7c0c47db5545ed3fef7468ee7bb5b74691498139e4b3f6a20685dc6dd8e"
"checksum lazy_static 1.4.0 (registry+https://github.com/rust-lang/crates.io-index)" = "e2abad23fbc42b3700f2f279844dc832adb2b2eb069b2df918f455c4e18cc646"
"checksum memchr 2.3.3 (registry+https://github.com/rust-lang/crates.io-index)" = "3728d817d99e5ac407411fa471ff9800a778d88a24685968b36824eaf4bee400"
"checksum pq-sys 0.4.6 (registry+https://github.com/rust-lang/crates.io-index)" = "6ac25eee5a0582f45a67e837e350d784e7003bd29a5f460796772061ca49ffda"
"checksum proc-macro2 1.0.17 (registry+https://github.com/rust-lang/crates.io-index)" = "1502d12e458c49a4c9cbff560d0fe0060c252bc29799ed94ca2ed4bb665a0101"
"checksum quote 1.0.6 (registry+https://github.com/rust-lang/crates.io-index)" = "54a21852a652ad6f610c9510194f398ff6f8692e334fd1145fed931f7fbe44ea"
"checksum regex-automata 0.1.9 (registry+https://github.com/rust-lang/crates.io-index)" = "ae1ded71d66a4a97f5e961fd0cb25a5f366a42a41570d16a763a69c092c26ae4"
"checksum ryu 1.0.4 (registry+https://github.com/rust-lang/crates.io-index)" = "ed3d612bc64430efeb3f7ee6ef26d590dce0c43249217bddc62112540c7941e1"
"checksum serde 1.0.110 (registry+https://github.com/rust-lang/crates.io-index)" = "99e7b308464d16b56eba9964e4972a3eee817760ab60d88c3f86e1fecb08204c"
"checksum syn 1.0.23 (registry+https://github.com/rust-lang/crates.io-index)" = "95b5f192649e48a5302a13f2feb224df883b98933222369e4b3b0fe2a5447269"
"checksum unicode-xid 0.2.0 (registry+https://github.com/rust-lang/crates.io-index)" = "826e7639553986605ec5979c7dd957c7895e93eabed50ab2ffa7f6128a75097c"
"checksum vcpkg 0.2.8 (registry+https://github.com/rust-lang/crates.io-index)" = "3fc439f2794e98976c88a2a2dafce96b930fe8010b0a256b3c2199a773933168"
